
Microsoft Visual Studio Solution File, Format Version 12.00
# Visual Studio 15
VisualStudioVersion = 15.0.26730.15
MinimumVisualStudioVersion = 10.0.40219.1
Project("{FAE04EC0-301F-11D3-BF4B-00C04F79EFBC}") = "ProjektPO", "ProjektPO\ProjektPO.csproj", "{6B146A9C-E801-4914-BE23-993928DCB15C}"
EndProject
Project("{FAE04EC0-301F-11D3-BF4B-00C04F79EFBC}") = "ProjektPO.UnitTest", "ProjektPO.UnitTest\ProjektPO.UnitTest.csproj", "{A32CEF83-6EC5-4550-A0F4-0B661FDFAB2D}"
EndProject
Global
	GlobalSection(SolutionConfigurationPlatforms) = preSolution
		Debug|Any CPU = Debug|Any CPU
		Release|Any CPU = Release|Any CPU
	EndGlobalSection
	GlobalSection(ProjectConfigurationPlatforms) = postSolution
		{6B146A9C-E801-4914-BE23-993928DCB15C}.Debug|Any CPU.ActiveCfg = Debug|Any CPU
		{6B146A9C-E801-4914-BE23-993928DCB15C}.Debug|Any CPU.Build.0 = Debug|Any CPU
		{6B146A9C-E801-4914-BE23-993928DCB15C}.Release|Any CPU.ActiveCfg = Release|Any CPU
		{6B146A9C-E801-4914-BE23-993928DCB15C}.Release|Any CPU.Build.0 = Release|Any CPU
		{A32CEF83-6EC5-4550-A0F4-0B661FDFAB2D}.Debug|Any CPU.ActiveCfg = Debug|Any CPU
		{A32CEF83-6EC5-4550-A0F4-0B661FDFAB2D}.Debug|Any CPU.Build.0 = Debug|Any CPU
		{A32CEF83-6EC5-4550-A0F4-0B661FDFAB2D}.Release|Any CPU.ActiveCfg = Release|Any CPU
		{A32CEF83-6EC5-4550-A0F4-0B661FDFAB2D}.Release|Any CPU.Build.0 = Release|Any CPU
	EndGlobalSection
	GlobalSection(SolutionProperties) = preSolution
		HideSolutionNode = FALSE
	EndGlobalSection
	GlobalSection(ExtensibilityGlobals) = postSolution
		SolutionGuid = {11BE89EB-E705-4EEE-BD79-F35C96E8BB8F}
	EndGlobalSection
EndGlobal
